
Microsoft Visual Studio Solution File, Format Version 12.00
# Visual Studio 14
VisualStudioVersion = 14.0.23107.0
MinimumVisualStudioVersion = 10.0.40219.1
Project("{FAE04EC0-301F-11D3-BF4B-00C04F79EFBC}") = "CodeTranslator", "CodeTranslator\CodeTranslator.csproj", "{8067F560-3969-4CA5-8FE8-79A2C5D4AE7A}"
EndProject
Project("{FAE04EC0-301F-11D3-BF4B-00C04F79EFBC}") = "UnitTests", "UnitTests\UnitTests.csproj", "{8E6F8484-3B78-4283-BB5D-99ADDDA6D3C2}"
EndProject
Global
	GlobalSection(SolutionConfigurationPlatforms) = preSolution
		Debug|Any CPU = Debug|Any CPU
		Release|Any CPU = Release|Any CPU
	EndGlobalSection
	GlobalSection(ProjectConfigurationPlatforms) = postSolution
		{8067F560-3969-4CA5-8FE8-79A2C5D4AE7A}.Debug|Any CPU.ActiveCfg = Debug|Any CPU
		{8067F560-3969-4CA5-8FE8-79A2C5D4AE7A}.Debug|Any CPU.Build.0 = Debug|Any CPU
		{8067F560-3969-4CA5-8FE8-79A2C5D4AE7A}.Release|Any CPU.ActiveCfg = Release|Any CPU
		{8067F560-3969-4CA5-8FE8-79A2C5D4AE7A}.Release|Any CPU.Build.0 = Release|Any CPU
		{8E6F8484-3B78-4283-BB5D-99ADDDA6D3C2}.Debug|Any CPU.ActiveCfg = Debug|Any CPU
		{8E6F8484-3B78-4283-BB5D-99ADDDA6D3C2}.Debug|Any CPU.Build.0 = Debug|Any CPU
		{8E6F8484-3B78-4283-BB5D-99ADDDA6D3C2}.Release|Any CPU.ActiveCfg = Release|Any CPU
		{8E6F8484-3B78-4283-BB5D-99ADDDA6D3C2}.Release|Any CPU.Build.0 = Release|Any CPU
	EndGlobalSection
	GlobalSection(SolutionProperties) = preSolution
		HideSolutionNode = FALSE
	EndGlobalSection
EndGlobal
